
Microsoft Visual Studio Solution File, Format Version 12.00
# Visual Studio 2013
VisualStudioVersion = 12.0.40629.0
MinimumVisualStudioVersion = 10.0.40219.1
Project("{8BC9CEB8-8B4A-11D0-8D11-00A0C91BC942}") = "srvROMA", "..\04-Source\00-Roma-Original\srvROMA.vcxproj", "{F0C031F0-6C32-4F5E-9B91-C46E87DFB52F}"
EndProject
Global
	GlobalSection(SolutionConfigurationPlatforms) = preSolution
		Debug|Win32 = Debug|Win32
		Release MinDependency|Win32 = Release MinDependency|Win32
		Release MinSize|Win32 = Release MinSize|Win32
		Unicode Debug|Win32 = Unicode Debug|Win32
		Unicode Release MinDependency|Win32 = Unicode Release MinDependency|Win32
		Unicode Release MinSize|Win32 = Unicode Release MinSize|Win32
	EndGlobalSection
	GlobalSection(ProjectConfigurationPlatforms) = postSolution
		{F0C031F0-6C32-4F5E-9B91-C46E87DFB52F}.Debug|Win32.ActiveCfg = Debug|Win32
		{F0C031F0-6C32-4F5E-9B91-C46E87DFB52F}.Debug|Win32.Build.0 = Debug|Win32
		{F0C031F0-6C32-4F5E-9B91-C46E87DFB52F}.Release MinDependency|Win32.ActiveCfg = Release MinDependency|Win32
		{F0C031F0-6C32-4F5E-9B91-C46E87DFB52F}.Release MinDependency|Win32.Build.0 = Release MinDependency|Win32
		{F0C031F0-6C32-4F5E-9B91-C46E87DFB52F}.Release MinSize|Win32.ActiveCfg = Release MinSize|Win32
		{F0C031F0-6C32-4F5E-9B91-C46E87DFB52F}.Release MinSize|Win32.Build.0 = Release MinSize|Win32
		{F0C031F0-6C32-4F5E-9B91-C46E87DFB52F}.Unicode Debug|Win32.ActiveCfg = Unicode Debug|Win32
		{F0C031F0-6C32-4F5E-9B91-C46E87DFB52F}.Unicode Debug|Win32.Build.0 = Unicode Debug|Win32
		{F0C031F0-6C32-4F5E-9B91-C46E87DFB52F}.Unicode Release MinDependency|Win32.ActiveCfg = Unicode Release MinDependency|Win32
		{F0C031F0-6C32-4F5E-9B91-C46E87DFB52F}.Unicode Release MinDependency|Win32.Build.0 = Unicode Release MinDependency|Win32
		{F0C031F0-6C32-4F5E-9B91-C46E87DFB52F}.Unicode Release MinSize|Win32.ActiveCfg = Unicode Release MinSize|Win32
		{F0C031F0-6C32-4F5E-9B91-C46E87DFB52F}.Unicode Release MinSize|Win32.Build.0 = Unicode Release MinSize|Win32
	EndGlobalSection
	GlobalSection(SolutionProperties) = preSolution
		HideSolutionNode = FALSE
	EndGlobalSection
EndGlobal
