<?xml version="1.0" encoding="utf-8"?>
<Project ToolsVersion="4.0" xmlns="http://schemas.microsoft.com/developer/msbuild/2003">
  <ItemGroup>
    <Filter Include="Source Files">
      <UniqueIdentifier>{f4bafaf9-396b-4556-ba56-bb426c849ac0}</UniqueIdentifier>
      <Extensions>cpp;c;cxx;rc;def;r;odl;idl;hpj;bat</Extensions>
    </Filter>
    <Filter Include="Header Files">
      <UniqueIdentifier>{56f1acc6-5c6a-4842-bd5b-386e7613778f}</UniqueIdentifier>
      <Extensions>h;hpp;hxx;hm;inl</Extensions>
    </Filter>
    <Filter Include="Resource Files">
      <UniqueIdentifier>{a756bc78-d6af-4f6a-a9c3-1ed236e378c6}</UniqueIdentifier>
      <Extensions>ico;cur;bmp;dlg;rc2;rct;bin;rgs;gif;jpg;jpeg;jpe</Extensions>
    </Filter>
  </ItemGroup>
  <ItemGroup>
    <ClCompile Include="CommunicationStructs.cpp">
      <Filter>Source Files</Filter>
    </ClCompile>
    <ClCompile Include="CriarFila.cpp">
      <Filter>Source Files</Filter>
    </ClCompile>
    <ClCompile Include="Library.cpp">
      <Filter>Source Files</Filter>
    </ClCompile>
    <ClCompile Include="ListaDeUsuarios.cpp">
      <Filter>Source Files</Filter>
    </ClCompile>
    <ClCompile Include="MensagemDlg.cpp">
      <Filter>Source Files</Filter>
    </ClCompile>
    <ClCompile Include="ObjMQRoute.cpp">
      <Filter>Source Files</Filter>
    </ClCompile>
    <ClCompile Include="Roma.cpp">
      <Filter>Source Files</Filter>
    </ClCompile>
    <ClCompile Include="serverromaconfig.cpp">
      <Filter>Source Files</Filter>
    </ClCompile>
    <ClCompile Include="StdAfx.cpp">
      <Filter>Source Files</Filter>
    </ClCompile>
    <ClCompile Include="WaCServer.cpp">
      <Filter>Source Files</Filter>
    </ClCompile>
    <ClCompile Include="WASocket.cpp">
      <Filter>Source Files</Filter>
    </ClCompile>
    <ClCompile Include="WFread.cpp">
      <Filter>Source Files</Filter>
    </ClCompile>
    <ClCompile Include="srvROMA_i.c">
      <Filter>Source Files</Filter>
    </ClCompile>
  </ItemGroup>
  <ItemGroup>
    <ResourceCompile Include="srvROMA.rc">
      <Filter>Source Files</Filter>
    </ResourceCompile>
  </ItemGroup>
  <ItemGroup>
    <ClInclude Include="CommunicationStructs.h">
      <Filter>Header Files</Filter>
    </ClInclude>
    <ClInclude Include="CriarFila.h">
      <Filter>Header Files</Filter>
    </ClInclude>
    <ClInclude Include="Estruturas.h">
      <Filter>Header Files</Filter>
    </ClInclude>
    <ClInclude Include="Library.h">
      <Filter>Header Files</Filter>
    </ClInclude>
    <ClInclude Include="ListaDeUsuarios.h">
      <Filter>Header Files</Filter>
    </ClInclude>
    <ClInclude Include="MensagemDlg.h">
      <Filter>Header Files</Filter>
    </ClInclude>
    <ClInclude Include="Resource.h">
      <Filter>Header Files</Filter>
    </ClInclude>
    <ClInclude Include="Roma.h">
      <Filter>Header Files</Filter>
    </ClInclude>
    <ClInclude Include="serverromaconfig.h">
      <Filter>Header Files</Filter>
    </ClInclude>
    <ClInclude Include="srvRoma2.h">
      <Filter>Header Files</Filter>
    </ClInclude>
    <ClInclude Include="StdAfx.h">
      <Filter>Header Files</Filter>
    </ClInclude>
    <ClInclude Include="WaCServer.h">
      <Filter>Header Files</Filter>
    </ClInclude>
    <ClInclude Include="WASocket.h">
      <Filter>Header Files</Filter>
    </ClInclude>
    <ClInclude Include="WFread.h">
      <Filter>Header Files</Filter>
    </ClInclude>
  </ItemGroup>
  <ItemGroup>
    <None Include="res\Roma.ico">
      <Filter>Resource Files</Filter>
    </None>
    <None Include="srvROMA.rgs">
      <Filter>Resource Files</Filter>
    </None>
  </ItemGroup>
</Project>